
Microsoft Visual Studio Solution File, Format Version 12.00
# Visual Studio Version 17
VisualStudioVersion = 17.6.33829.357
MinimumVisualStudioVersion = 10.0.40219.1
Project("{9A19103F-16F7-4668-BE54-9A1E7A4F7556}") = "VGE", "VGE\VGE.csproj", "{13F3D802-967D-42F4-ADB6-4FCE54148A4F}"
EndProject
Project("{9A19103F-16F7-4668-BE54-9A1E7A4F7556}") = "Asteroids", "Asteroids\Asteroids.csproj", "{6E3D07C4-DDFC-43E4-B20B-11A011A5F36A}"
EndProject
Project("{2150E333-8FDC-42A3-9474-1A3956D46DE8}") = "Games", "Games", "{DBA423B9-0A5C-4C6E-80BA-1A60604CDB61}"
EndProject
Project("{9A19103F-16F7-4668-BE54-9A1E7A4F7556}") = "Vector Graphics Drawer", "Vector Graphics Drawer\Vector Graphics Drawer.csproj", "{22525A69-691A-4C9C-9514-D31CED362C95}"
EndProject
Project("{9A19103F-16F7-4668-BE54-9A1E7A4F7556}") = "Vector Graphics Drawer.Desktop", "Vector Graphics Drawer.Desktop\Vector Graphics Drawer.Desktop.csproj", "{BF1CE904-3F4F-4054-854B-BEE4EF698359}"
EndProject
Project("{2150E333-8FDC-42A3-9474-1A3956D46DE8}") = "Tools", "Tools", "{A2A47981-1754-4695-9A6B-7F785ECBFA63}"
EndProject
Project("{9A19103F-16F7-4668-BE54-9A1E7A4F7556}") = "Tempest", "Tempest\Tempest.csproj", "{CC0F1435-EF0F-4A8B-818B-17FAD2E84E18}"
EndProject
Project("{9A19103F-16F7-4668-BE54-9A1E7A4F7556}") = "Battlezone", "Battlezone\Battlezone.csproj", "{B5CD88A9-D64B-4BDB-91DD-2028C513DDE2}"
EndProject
Project("{FAE04EC0-301F-11D3-BF4B-00C04F79EFBC}") = "3D Shape Renderer", "3D Shape Renderer\3D Shape Renderer.csproj", "{358F0C98-5619-452F-815B-2FC5590A6628}"
EndProject
Global
	GlobalSection(SolutionConfigurationPlatforms) = preSolution
		Debug|Any CPU = Debug|Any CPU
		Release|Any CPU = Release|Any CPU
	EndGlobalSection
	GlobalSection(ProjectConfigurationPlatforms) = postSolution
		{13F3D802-967D-42F4-ADB6-4FCE54148A4F}.Debug|Any CPU.ActiveCfg = Debug|Any CPU
		{13F3D802-967D-42F4-ADB6-4FCE54148A4F}.Debug|Any CPU.Build.0 = Debug|Any CPU
		{13F3D802-967D-42F4-ADB6-4FCE54148A4F}.Release|Any CPU.ActiveCfg = Release|Any CPU
		{13F3D802-967D-42F4-ADB6-4FCE54148A4F}.Release|Any CPU.Build.0 = Release|Any CPU
		{6E3D07C4-DDFC-43E4-B20B-11A011A5F36A}.Debug|Any CPU.ActiveCfg = Debug|Any CPU
		{6E3D07C4-DDFC-43E4-B20B-11A011A5F36A}.Debug|Any CPU.Build.0 = Debug|Any CPU
		{6E3D07C4-DDFC-43E4-B20B-11A011A5F36A}.Release|Any CPU.ActiveCfg = Release|Any CPU
		{6E3D07C4-DDFC-43E4-B20B-11A011A5F36A}.Release|Any CPU.Build.0 = Release|Any CPU
		{22525A69-691A-4C9C-9514-D31CED362C95}.Debug|Any CPU.ActiveCfg = Debug|Any CPU
		{22525A69-691A-4C9C-9514-D31CED362C95}.Debug|Any CPU.Build.0 = Debug|Any CPU
		{22525A69-691A-4C9C-9514-D31CED362C95}.Release|Any CPU.ActiveCfg = Release|Any CPU
		{22525A69-691A-4C9C-9514-D31CED362C95}.Release|Any CPU.Build.0 = Release|Any CPU
		{BF1CE904-3F4F-4054-854B-BEE4EF698359}.Debug|Any CPU.ActiveCfg = Debug|Any CPU
		{BF1CE904-3F4F-4054-854B-BEE4EF698359}.Debug|Any CPU.Build.0 = Debug|Any CPU
		{BF1CE904-3F4F-4054-854B-BEE4EF698359}.Release|Any CPU.ActiveCfg = Release|Any CPU
		{BF1CE904-3F4F-4054-854B-BEE4EF698359}.Release|Any CPU.Build.0 = Release|Any CPU
		{CC0F1435-EF0F-4A8B-818B-17FAD2E84E18}.Debug|Any CPU.ActiveCfg = Debug|Any CPU
		{CC0F1435-EF0F-4A8B-818B-17FAD2E84E18}.Debug|Any CPU.Build.0 = Debug|Any CPU
		{CC0F1435-EF0F-4A8B-818B-17FAD2E84E18}.Release|Any CPU.ActiveCfg = Release|Any CPU
		{CC0F1435-EF0F-4A8B-818B-17FAD2E84E18}.Release|Any CPU.Build.0 = Release|Any CPU
		{B5CD88A9-D64B-4BDB-91DD-2028C513DDE2}.Debug|Any CPU.ActiveCfg = Debug|Any CPU
		{B5CD88A9-D64B-4BDB-91DD-2028C513DDE2}.Debug|Any CPU.Build.0 = Debug|Any CPU
		{B5CD88A9-D64B-4BDB-91DD-2028C513DDE2}.Release|Any CPU.ActiveCfg = Release|Any CPU
		{B5CD88A9-D64B-4BDB-91DD-2028C513DDE2}.Release|Any CPU.Build.0 = Release|Any CPU
		{358F0C98-5619-452F-815B-2FC5590A6628}.Debug|Any CPU.ActiveCfg = Debug|Any CPU
		{358F0C98-5619-452F-815B-2FC5590A6628}.Debug|Any CPU.Build.0 = Debug|Any CPU
		{358F0C98-5619-452F-815B-2FC5590A6628}.Release|Any CPU.ActiveCfg = Release|Any CPU
		{358F0C98-5619-452F-815B-2FC5590A6628}.Release|Any CPU.Build.0 = Release|Any CPU
	EndGlobalSection
	GlobalSection(SolutionProperties) = preSolution
		HideSolutionNode = FALSE
	EndGlobalSection
	GlobalSection(NestedProjects) = preSolution
		{6E3D07C4-DDFC-43E4-B20B-11A011A5F36A} = {DBA423B9-0A5C-4C6E-80BA-1A60604CDB61}
		{22525A69-691A-4C9C-9514-D31CED362C95} = {A2A47981-1754-4695-9A6B-7F785ECBFA63}
		{BF1CE904-3F4F-4054-854B-BEE4EF698359} = {A2A47981-1754-4695-9A6B-7F785ECBFA63}
		{CC0F1435-EF0F-4A8B-818B-17FAD2E84E18} = {DBA423B9-0A5C-4C6E-80BA-1A60604CDB61}
		{B5CD88A9-D64B-4BDB-91DD-2028C513DDE2} = {DBA423B9-0A5C-4C6E-80BA-1A60604CDB61}
		{358F0C98-5619-452F-815B-2FC5590A6628} = {A2A47981-1754-4695-9A6B-7F785ECBFA63}
	EndGlobalSection
	GlobalSection(ExtensibilityGlobals) = postSolution
		SolutionGuid = {AB552BDD-FCFD-4DC5-B8D5-0896DF9EB61C}
	EndGlobalSection
EndGlobal
