
Microsoft Visual Studio Solution File, Format Version 12.00
# Visual Studio Version 17
VisualStudioVersion = 17.6.33829.357
MinimumVisualStudioVersion = 10.0.40219.1
Project("{9A19103F-16F7-4668-BE54-9A1E7A4F7556}") = "Sandbox", "Sandbox\Sandbox.csproj", "{E2BF6CE8-10B8-4A45-B8F1-84FFB5BF9A10}"
EndProject
Project("{9A19103F-16F7-4668-BE54-9A1E7A4F7556}") = "VGL", "VGL\VGL.csproj", "{13F3D802-967D-42F4-ADB6-4FCE54148A4F}"
EndProject
Project("{2150E333-8FDC-42A3-9474-1A3956D46DE8}") = "Library", "Library", "{01BEA0A3-8F76-422F-97BE-B33684C7CD85}"
EndProject
Project("{FAE04EC0-301F-11D3-BF4B-00C04F79EFBC}") = "Asteroids", "Asteroids\Asteroids.csproj", "{6E3D07C4-DDFC-43E4-B20B-11A011A5F36A}"
EndProject
Global
	GlobalSection(SolutionConfigurationPlatforms) = preSolution
		Debug|Any CPU = Debug|Any CPU
		Release|Any CPU = Release|Any CPU
	EndGlobalSection
	GlobalSection(ProjectConfigurationPlatforms) = postSolution
		{E2BF6CE8-10B8-4A45-B8F1-84FFB5BF9A10}.Debug|Any CPU.ActiveCfg = Debug|Any CPU
		{E2BF6CE8-10B8-4A45-B8F1-84FFB5BF9A10}.Debug|Any CPU.Build.0 = Debug|Any CPU
		{E2BF6CE8-10B8-4A45-B8F1-84FFB5BF9A10}.Release|Any CPU.ActiveCfg = Release|Any CPU
		{E2BF6CE8-10B8-4A45-B8F1-84FFB5BF9A10}.Release|Any CPU.Build.0 = Release|Any CPU
		{13F3D802-967D-42F4-ADB6-4FCE54148A4F}.Debug|Any CPU.ActiveCfg = Debug|Any CPU
		{13F3D802-967D-42F4-ADB6-4FCE54148A4F}.Debug|Any CPU.Build.0 = Debug|Any CPU
		{13F3D802-967D-42F4-ADB6-4FCE54148A4F}.Release|Any CPU.ActiveCfg = Release|Any CPU
		{13F3D802-967D-42F4-ADB6-4FCE54148A4F}.Release|Any CPU.Build.0 = Release|Any CPU
		{6E3D07C4-DDFC-43E4-B20B-11A011A5F36A}.Debug|Any CPU.ActiveCfg = Debug|Any CPU
		{6E3D07C4-DDFC-43E4-B20B-11A011A5F36A}.Debug|Any CPU.Build.0 = Debug|Any CPU
		{6E3D07C4-DDFC-43E4-B20B-11A011A5F36A}.Release|Any CPU.ActiveCfg = Release|Any CPU
		{6E3D07C4-DDFC-43E4-B20B-11A011A5F36A}.Release|Any CPU.Build.0 = Release|Any CPU
	EndGlobalSection
	GlobalSection(SolutionProperties) = preSolution
		HideSolutionNode = FALSE
	EndGlobalSection
	GlobalSection(NestedProjects) = preSolution
		{E2BF6CE8-10B8-4A45-B8F1-84FFB5BF9A10} = {01BEA0A3-8F76-422F-97BE-B33684C7CD85}
		{13F3D802-967D-42F4-ADB6-4FCE54148A4F} = {01BEA0A3-8F76-422F-97BE-B33684C7CD85}
	EndGlobalSection
	GlobalSection(ExtensibilityGlobals) = postSolution
		SolutionGuid = {AB552BDD-FCFD-4DC5-B8D5-0896DF9EB61C}
	EndGlobalSection
EndGlobal
